
Microsoft Visual Studio Solution File, Format Version 12.00
# Visual Studio Version 17
VisualStudioVersion = 17.0.31808.319
MinimumVisualStudioVersion = 10.0.40219.1
Project("{D954291E-2A0B-460D-934E-DC6B0785DB48}") = "Tida.CAD", "Tida.CAD\Tida.CAD.shproj", "{3370D07E-C3A7-4071-91D3-578059591F3C}"
EndProject
Project("{9A19103F-16F7-4668-BE54-9A1E7A4F7556}") = "Tida.CAD.WPF", "Tida.CAD.WPF\Tida.CAD.WPF.csproj", "{15E7E29F-57B3-4FD1-AC7E-F2D5806BFBB4}"
EndProject
Project("{9A19103F-16F7-4668-BE54-9A1E7A4F7556}") = "Tida.CAD.WPF.SimpleSample", "Tida.CAD.WPF.SimpleSample\Tida.CAD.WPF.SimpleSample.csproj", "{D02D1BBE-A0A4-433C-BF8F-682A7D3C0286}"
EndProject
Project("{2150E333-8FDC-42A3-9474-1A3956D46DE8}") = "Solution Items", "Solution Items", "{9DBF5022-C5E5-4866-B988-11536AFBA1EF}"
	ProjectSection(SolutionItems) = preProject
		Directory.Build.props = Directory.Build.props
	EndProjectSection
EndProject
Global
	GlobalSection(SolutionConfigurationPlatforms) = preSolution
		Debug|Any CPU = Debug|Any CPU
		Debug|ARM = Debug|ARM
		Debug|ARM64 = Debug|ARM64
		Debug|x64 = Debug|x64
		Debug|x86 = Debug|x86
		Release|Any CPU = Release|Any CPU
		Release|ARM = Release|ARM
		Release|ARM64 = Release|ARM64
		Release|x64 = Release|x64
		Release|x86 = Release|x86
	EndGlobalSection
	GlobalSection(ProjectConfigurationPlatforms) = postSolution
		{15E7E29F-57B3-4FD1-AC7E-F2D5806BFBB4}.Debug|Any CPU.ActiveCfg = Debug|Any CPU
		{15E7E29F-57B3-4FD1-AC7E-F2D5806BFBB4}.Debug|Any CPU.Build.0 = Debug|Any CPU
		{15E7E29F-57B3-4FD1-AC7E-F2D5806BFBB4}.Debug|ARM.ActiveCfg = Debug|Any CPU
		{15E7E29F-57B3-4FD1-AC7E-F2D5806BFBB4}.Debug|ARM.Build.0 = Debug|Any CPU
		{15E7E29F-57B3-4FD1-AC7E-F2D5806BFBB4}.Debug|ARM64.ActiveCfg = Debug|Any CPU
		{15E7E29F-57B3-4FD1-AC7E-F2D5806BFBB4}.Debug|ARM64.Build.0 = Debug|Any CPU
		{15E7E29F-57B3-4FD1-AC7E-F2D5806BFBB4}.Debug|x64.ActiveCfg = Debug|Any CPU
		{15E7E29F-57B3-4FD1-AC7E-F2D5806BFBB4}.Debug|x64.Build.0 = Debug|Any CPU
		{15E7E29F-57B3-4FD1-AC7E-F2D5806BFBB4}.Debug|x86.ActiveCfg = Debug|Any CPU
		{15E7E29F-57B3-4FD1-AC7E-F2D5806BFBB4}.Debug|x86.Build.0 = Debug|Any CPU
		{15E7E29F-57B3-4FD1-AC7E-F2D5806BFBB4}.Release|Any CPU.ActiveCfg = Release|Any CPU
		{15E7E29F-57B3-4FD1-AC7E-F2D5806BFBB4}.Release|Any CPU.Build.0 = Release|Any CPU
		{15E7E29F-57B3-4FD1-AC7E-F2D5806BFBB4}.Release|ARM.ActiveCfg = Release|Any CPU
		{15E7E29F-57B3-4FD1-AC7E-F2D5806BFBB4}.Release|ARM.Build.0 = Release|Any CPU
		{15E7E29F-57B3-4FD1-AC7E-F2D5806BFBB4}.Release|ARM64.ActiveCfg = Release|Any CPU
		{15E7E29F-57B3-4FD1-AC7E-F2D5806BFBB4}.Release|ARM64.Build.0 = Release|Any CPU
		{15E7E29F-57B3-4FD1-AC7E-F2D5806BFBB4}.Release|x64.ActiveCfg = Release|Any CPU
		{15E7E29F-57B3-4FD1-AC7E-F2D5806BFBB4}.Release|x64.Build.0 = Release|Any CPU
		{15E7E29F-57B3-4FD1-AC7E-F2D5806BFBB4}.Release|x86.ActiveCfg = Release|Any CPU
		{15E7E29F-57B3-4FD1-AC7E-F2D5806BFBB4}.Release|x86.Build.0 = Release|Any CPU
		{D02D1BBE-A0A4-433C-BF8F-682A7D3C0286}.Debug|Any CPU.ActiveCfg = Debug|Any CPU
		{D02D1BBE-A0A4-433C-BF8F-682A7D3C0286}.Debug|Any CPU.Build.0 = Debug|Any CPU
		{D02D1BBE-A0A4-433C-BF8F-682A7D3C0286}.Debug|ARM.ActiveCfg = Debug|Any CPU
		{D02D1BBE-A0A4-433C-BF8F-682A7D3C0286}.Debug|ARM.Build.0 = Debug|Any CPU
		{D02D1BBE-A0A4-433C-BF8F-682A7D3C0286}.Debug|ARM64.ActiveCfg = Debug|Any CPU
		{D02D1BBE-A0A4-433C-BF8F-682A7D3C0286}.Debug|ARM64.Build.0 = Debug|Any CPU
		{D02D1BBE-A0A4-433C-BF8F-682A7D3C0286}.Debug|x64.ActiveCfg = Debug|Any CPU
		{D02D1BBE-A0A4-433C-BF8F-682A7D3C0286}.Debug|x64.Build.0 = Debug|Any CPU
		{D02D1BBE-A0A4-433C-BF8F-682A7D3C0286}.Debug|x86.ActiveCfg = Debug|Any CPU
		{D02D1BBE-A0A4-433C-BF8F-682A7D3C0286}.Debug|x86.Build.0 = Debug|Any CPU
		{D02D1BBE-A0A4-433C-BF8F-682A7D3C0286}.Release|Any CPU.ActiveCfg = Release|Any CPU
		{D02D1BBE-A0A4-433C-BF8F-682A7D3C0286}.Release|Any CPU.Build.0 = Release|Any CPU
		{D02D1BBE-A0A4-433C-BF8F-682A7D3C0286}.Release|ARM.ActiveCfg = Release|Any CPU
		{D02D1BBE-A0A4-433C-BF8F-682A7D3C0286}.Release|ARM.Build.0 = Release|Any CPU
		{D02D1BBE-A0A4-433C-BF8F-682A7D3C0286}.Release|ARM64.ActiveCfg = Release|Any CPU
		{D02D1BBE-A0A4-433C-BF8F-682A7D3C0286}.Release|ARM64.Build.0 = Release|Any CPU
		{D02D1BBE-A0A4-433C-BF8F-682A7D3C0286}.Release|x64.ActiveCfg = Release|Any CPU
		{D02D1BBE-A0A4-433C-BF8F-682A7D3C0286}.Release|x64.Build.0 = Release|Any CPU
		{D02D1BBE-A0A4-433C-BF8F-682A7D3C0286}.Release|x86.ActiveCfg = Release|Any CPU
		{D02D1BBE-A0A4-433C-BF8F-682A7D3C0286}.Release|x86.Build.0 = Release|Any CPU
	EndGlobalSection
	GlobalSection(SolutionProperties) = preSolution
		HideSolutionNode = FALSE
	EndGlobalSection
	GlobalSection(ExtensibilityGlobals) = postSolution
		SolutionGuid = {32B050FB-5ADD-4CE8-83B6-CEEAD9AD0F32}
	EndGlobalSection
	GlobalSection(SharedMSBuildProjectFiles) = preSolution
		Tida.CAD\Tida.CAD.projitems*{15e7e29f-57b3-4fd1-ac7e-f2d5806bfbb4}*SharedItemsImports = 5
		Tida.CAD\Tida.CAD.projitems*{3370d07e-c3a7-4071-91d3-578059591f3c}*SharedItemsImports = 13
	EndGlobalSection
EndGlobal
