
Microsoft Visual Studio Solution File, Format Version 12.00
# Visual Studio Version 17
VisualStudioVersion = 17.0.31808.319
MinimumVisualStudioVersion = 10.0.40219.1
Project("{9A19103F-16F7-4668-BE54-9A1E7A4F7556}") = "Tida.Canvas.Contracts", "Tida.Canvas.Contracts\Tida.Canvas.Contracts.csproj", "{9488B9CD-3888-4E43-B598-6EB9536D2B15}"
EndProject
Project("{9A19103F-16F7-4668-BE54-9A1E7A4F7556}") = "Tida.Canvas.Infrastructure", "Tida.Canvas.Infrastructure\Tida.Canvas.Infrastructure.csproj", "{8DFD89DC-7BCE-41A3-B60C-4221B3D154BC}"
EndProject
Project("{2150E333-8FDC-42A3-9474-1A3956D46DE8}") = "Examples", "Examples", "{DC4D155C-4A4A-41EC-852A-C3295DC997B8}"
EndProject
Project("{2150E333-8FDC-42A3-9474-1A3956D46DE8}") = "Core", "Core", "{1E080C79-F9DC-4054-8399-99696468AEC7}"
EndProject
Project("{2150E333-8FDC-42A3-9474-1A3956D46DE8}") = "WPF", "WPF", "{7C8083A8-FAD6-48CB-8B52-3FAA09E14899}"
EndProject
Project("{9A19103F-16F7-4668-BE54-9A1E7A4F7556}") = "Tida.Canvas.WPFCanvas", "Tida.Canvas.WPFCanvas\Tida.Canvas.WPFCanvas.csproj", "{FBF41F15-F1B5-4F4D-A83F-9F8BFC4AD1E7}"
EndProject
Project("{9A19103F-16F7-4668-BE54-9A1E7A4F7556}") = "Tida.Canvas.Shell.Contracts", "Tida.Canvas.Shell.Contracts\Tida.Canvas.Shell.Contracts.csproj", "{786F9203-9362-469C-A2AE-312CC39D43D0}"
EndProject
Project("{9A19103F-16F7-4668-BE54-9A1E7A4F7556}") = "Tida.Canvas.Shell", "Tida.Canvas.Shell\Tida.Canvas.Shell.csproj", "{1D7D9714-B2F0-4DEE-86A5-FADFAB07AC6B}"
EndProject
Project("{9A19103F-16F7-4668-BE54-9A1E7A4F7556}") = "Tida.Canvas.Launcher", "Tida.Canvas.Launcher\Tida.Canvas.Launcher.csproj", "{CACCD1A7-5785-4095-B4E6-F77B2BE8EB21}"
EndProject
Project("{9A19103F-16F7-4668-BE54-9A1E7A4F7556}") = "Tida.Canvas.Shell.ExtensionExample", "Tida.Canvas.Shell.ExtensionExample\Tida.Canvas.Shell.ExtensionExample.csproj", "{70CD4D5F-F075-4A8F-8779-F2E48F34B757}"
EndProject
Project("{9A19103F-16F7-4668-BE54-9A1E7A4F7556}") = "SimpleSample", "SimpleSample\SimpleSample.csproj", "{47D4EAB7-B11A-4E7B-A1CB-2FBE76BE9EC2}"
EndProject
Project("{D954291E-2A0B-460D-934E-DC6B0785DB48}") = "Tida.CAD", "Tida.CAD\Tida.CAD.shproj", "{3370D07E-C3A7-4071-91D3-578059591F3C}"
EndProject
Project("{9A19103F-16F7-4668-BE54-9A1E7A4F7556}") = "Tida.CAD.WPF", "Tida.CAD.WPF\Tida.CAD.WPF.csproj", "{15E7E29F-57B3-4FD1-AC7E-F2D5806BFBB4}"
EndProject
Global
	GlobalSection(SharedMSBuildProjectFiles) = preSolution
		Tida.CAD\Tida.CAD.projitems*{15e7e29f-57b3-4fd1-ac7e-f2d5806bfbb4}*SharedItemsImports = 5
		Tida.CAD\Tida.CAD.projitems*{3370d07e-c3a7-4071-91d3-578059591f3c}*SharedItemsImports = 13
	EndGlobalSection
	GlobalSection(SolutionConfigurationPlatforms) = preSolution
		Debug|Any CPU = Debug|Any CPU
		Debug|ARM = Debug|ARM
		Debug|ARM64 = Debug|ARM64
		Debug|x64 = Debug|x64
		Debug|x86 = Debug|x86
		Release|Any CPU = Release|Any CPU
		Release|ARM = Release|ARM
		Release|ARM64 = Release|ARM64
		Release|x64 = Release|x64
		Release|x86 = Release|x86
	EndGlobalSection
	GlobalSection(ProjectConfigurationPlatforms) = postSolution
		{9488B9CD-3888-4E43-B598-6EB9536D2B15}.Debug|Any CPU.ActiveCfg = Debug|Any CPU
		{9488B9CD-3888-4E43-B598-6EB9536D2B15}.Debug|Any CPU.Build.0 = Debug|Any CPU
		{9488B9CD-3888-4E43-B598-6EB9536D2B15}.Debug|ARM.ActiveCfg = Debug|Any CPU
		{9488B9CD-3888-4E43-B598-6EB9536D2B15}.Debug|ARM.Build.0 = Debug|Any CPU
		{9488B9CD-3888-4E43-B598-6EB9536D2B15}.Debug|ARM64.ActiveCfg = Debug|Any CPU
		{9488B9CD-3888-4E43-B598-6EB9536D2B15}.Debug|ARM64.Build.0 = Debug|Any CPU
		{9488B9CD-3888-4E43-B598-6EB9536D2B15}.Debug|x64.ActiveCfg = Debug|Any CPU
		{9488B9CD-3888-4E43-B598-6EB9536D2B15}.Debug|x64.Build.0 = Debug|Any CPU
		{9488B9CD-3888-4E43-B598-6EB9536D2B15}.Debug|x86.ActiveCfg = Debug|Any CPU
		{9488B9CD-3888-4E43-B598-6EB9536D2B15}.Debug|x86.Build.0 = Debug|Any CPU
		{9488B9CD-3888-4E43-B598-6EB9536D2B15}.Release|Any CPU.ActiveCfg = Release|Any CPU
		{9488B9CD-3888-4E43-B598-6EB9536D2B15}.Release|Any CPU.Build.0 = Release|Any CPU
		{9488B9CD-3888-4E43-B598-6EB9536D2B15}.Release|ARM.ActiveCfg = Release|Any CPU
		{9488B9CD-3888-4E43-B598-6EB9536D2B15}.Release|ARM.Build.0 = Release|Any CPU
		{9488B9CD-3888-4E43-B598-6EB9536D2B15}.Release|ARM64.ActiveCfg = Release|Any CPU
		{9488B9CD-3888-4E43-B598-6EB9536D2B15}.Release|ARM64.Build.0 = Release|Any CPU
		{9488B9CD-3888-4E43-B598-6EB9536D2B15}.Release|x64.ActiveCfg = Release|Any CPU
		{9488B9CD-3888-4E43-B598-6EB9536D2B15}.Release|x64.Build.0 = Release|Any CPU
		{9488B9CD-3888-4E43-B598-6EB9536D2B15}.Release|x86.ActiveCfg = Release|Any CPU
		{9488B9CD-3888-4E43-B598-6EB9536D2B15}.Release|x86.Build.0 = Release|Any CPU
		{8DFD89DC-7BCE-41A3-B60C-4221B3D154BC}.Debug|Any CPU.ActiveCfg = Debug|Any CPU
		{8DFD89DC-7BCE-41A3-B60C-4221B3D154BC}.Debug|Any CPU.Build.0 = Debug|Any CPU
		{8DFD89DC-7BCE-41A3-B60C-4221B3D154BC}.Debug|ARM.ActiveCfg = Debug|Any CPU
		{8DFD89DC-7BCE-41A3-B60C-4221B3D154BC}.Debug|ARM.Build.0 = Debug|Any CPU
		{8DFD89DC-7BCE-41A3-B60C-4221B3D154BC}.Debug|ARM64.ActiveCfg = Debug|Any CPU
		{8DFD89DC-7BCE-41A3-B60C-4221B3D154BC}.Debug|ARM64.Build.0 = Debug|Any CPU
		{8DFD89DC-7BCE-41A3-B60C-4221B3D154BC}.Debug|x64.ActiveCfg = Debug|Any CPU
		{8DFD89DC-7BCE-41A3-B60C-4221B3D154BC}.Debug|x64.Build.0 = Debug|Any CPU
		{8DFD89DC-7BCE-41A3-B60C-4221B3D154BC}.Debug|x86.ActiveCfg = Debug|Any CPU
		{8DFD89DC-7BCE-41A3-B60C-4221B3D154BC}.Debug|x86.Build.0 = Debug|Any CPU
		{8DFD89DC-7BCE-41A3-B60C-4221B3D154BC}.Release|Any CPU.ActiveCfg = Release|Any CPU
		{8DFD89DC-7BCE-41A3-B60C-4221B3D154BC}.Release|Any CPU.Build.0 = Release|Any CPU
		{8DFD89DC-7BCE-41A3-B60C-4221B3D154BC}.Release|ARM.ActiveCfg = Release|Any CPU
		{8DFD89DC-7BCE-41A3-B60C-4221B3D154BC}.Release|ARM.Build.0 = Release|Any CPU
		{8DFD89DC-7BCE-41A3-B60C-4221B3D154BC}.Release|ARM64.ActiveCfg = Release|Any CPU
		{8DFD89DC-7BCE-41A3-B60C-4221B3D154BC}.Release|ARM64.Build.0 = Release|Any CPU
		{8DFD89DC-7BCE-41A3-B60C-4221B3D154BC}.Release|x64.ActiveCfg = Release|Any CPU
		{8DFD89DC-7BCE-41A3-B60C-4221B3D154BC}.Release|x64.Build.0 = Release|Any CPU
		{8DFD89DC-7BCE-41A3-B60C-4221B3D154BC}.Release|x86.ActiveCfg = Release|Any CPU
		{8DFD89DC-7BCE-41A3-B60C-4221B3D154BC}.Release|x86.Build.0 = Release|Any CPU
		{FBF41F15-F1B5-4F4D-A83F-9F8BFC4AD1E7}.Debug|Any CPU.ActiveCfg = Debug|Any CPU
		{FBF41F15-F1B5-4F4D-A83F-9F8BFC4AD1E7}.Debug|Any CPU.Build.0 = Debug|Any CPU
		{FBF41F15-F1B5-4F4D-A83F-9F8BFC4AD1E7}.Debug|ARM.ActiveCfg = Debug|Any CPU
		{FBF41F15-F1B5-4F4D-A83F-9F8BFC4AD1E7}.Debug|ARM.Build.0 = Debug|Any CPU
		{FBF41F15-F1B5-4F4D-A83F-9F8BFC4AD1E7}.Debug|ARM64.ActiveCfg = Debug|Any CPU
		{FBF41F15-F1B5-4F4D-A83F-9F8BFC4AD1E7}.Debug|ARM64.Build.0 = Debug|Any CPU
		{FBF41F15-F1B5-4F4D-A83F-9F8BFC4AD1E7}.Debug|x64.ActiveCfg = Debug|Any CPU
		{FBF41F15-F1B5-4F4D-A83F-9F8BFC4AD1E7}.Debug|x64.Build.0 = Debug|Any CPU
		{FBF41F15-F1B5-4F4D-A83F-9F8BFC4AD1E7}.Debug|x86.ActiveCfg = Debug|Any CPU
		{FBF41F15-F1B5-4F4D-A83F-9F8BFC4AD1E7}.Debug|x86.Build.0 = Debug|Any CPU
		{FBF41F15-F1B5-4F4D-A83F-9F8BFC4AD1E7}.Release|Any CPU.ActiveCfg = Release|Any CPU
		{FBF41F15-F1B5-4F4D-A83F-9F8BFC4AD1E7}.Release|Any CPU.Build.0 = Release|Any CPU
		{FBF41F15-F1B5-4F4D-A83F-9F8BFC4AD1E7}.Release|ARM.ActiveCfg = Release|Any CPU
		{FBF41F15-F1B5-4F4D-A83F-9F8BFC4AD1E7}.Release|ARM.Build.0 = Release|Any CPU
		{FBF41F15-F1B5-4F4D-A83F-9F8BFC4AD1E7}.Release|ARM64.ActiveCfg = Release|Any CPU
		{FBF41F15-F1B5-4F4D-A83F-9F8BFC4AD1E7}.Release|ARM64.Build.0 = Release|Any CPU
		{FBF41F15-F1B5-4F4D-A83F-9F8BFC4AD1E7}.Release|x64.ActiveCfg = Release|Any CPU
		{FBF41F15-F1B5-4F4D-A83F-9F8BFC4AD1E7}.Release|x64.Build.0 = Release|Any CPU
		{FBF41F15-F1B5-4F4D-A83F-9F8BFC4AD1E7}.Release|x86.ActiveCfg = Release|Any CPU
		{FBF41F15-F1B5-4F4D-A83F-9F8BFC4AD1E7}.Release|x86.Build.0 = Release|Any CPU
		{786F9203-9362-469C-A2AE-312CC39D43D0}.Debug|Any CPU.ActiveCfg = Debug|Any CPU
		{786F9203-9362-469C-A2AE-312CC39D43D0}.Debug|Any CPU.Build.0 = Debug|Any CPU
		{786F9203-9362-469C-A2AE-312CC39D43D0}.Debug|ARM.ActiveCfg = Debug|Any CPU
		{786F9203-9362-469C-A2AE-312CC39D43D0}.Debug|ARM.Build.0 = Debug|Any CPU
		{786F9203-9362-469C-A2AE-312CC39D43D0}.Debug|ARM64.ActiveCfg = Debug|Any CPU
		{786F9203-9362-469C-A2AE-312CC39D43D0}.Debug|ARM64.Build.0 = Debug|Any CPU
		{786F9203-9362-469C-A2AE-312CC39D43D0}.Debug|x64.ActiveCfg = Debug|Any CPU
		{786F9203-9362-469C-A2AE-312CC39D43D0}.Debug|x64.Build.0 = Debug|Any CPU
		{786F9203-9362-469C-A2AE-312CC39D43D0}.Debug|x86.ActiveCfg = Debug|Any CPU
		{786F9203-9362-469C-A2AE-312CC39D43D0}.Debug|x86.Build.0 = Debug|Any CPU
		{786F9203-9362-469C-A2AE-312CC39D43D0}.Release|Any CPU.ActiveCfg = Release|Any CPU
		{786F9203-9362-469C-A2AE-312CC39D43D0}.Release|Any CPU.Build.0 = Release|Any CPU
		{786F9203-9362-469C-A2AE-312CC39D43D0}.Release|ARM.ActiveCfg = Release|Any CPU
		{786F9203-9362-469C-A2AE-312CC39D43D0}.Release|ARM.Build.0 = Release|Any CPU
		{786F9203-9362-469C-A2AE-312CC39D43D0}.Release|ARM64.ActiveCfg = Release|Any CPU
		{786F9203-9362-469C-A2AE-312CC39D43D0}.Release|ARM64.Build.0 = Release|Any CPU
		{786F9203-9362-469C-A2AE-312CC39D43D0}.Release|x64.ActiveCfg = Release|Any CPU
		{786F9203-9362-469C-A2AE-312CC39D43D0}.Release|x64.Build.0 = Release|Any CPU
		{786F9203-9362-469C-A2AE-312CC39D43D0}.Release|x86.ActiveCfg = Release|Any CPU
		{786F9203-9362-469C-A2AE-312CC39D43D0}.Release|x86.Build.0 = Release|Any CPU
		{1D7D9714-B2F0-4DEE-86A5-FADFAB07AC6B}.Debug|Any CPU.ActiveCfg = Debug|Any CPU
		{1D7D9714-B2F0-4DEE-86A5-FADFAB07AC6B}.Debug|Any CPU.Build.0 = Debug|Any CPU
		{1D7D9714-B2F0-4DEE-86A5-FADFAB07AC6B}.Debug|ARM.ActiveCfg = Debug|Any CPU
		{1D7D9714-B2F0-4DEE-86A5-FADFAB07AC6B}.Debug|ARM.Build.0 = Debug|Any CPU
		{1D7D9714-B2F0-4DEE-86A5-FADFAB07AC6B}.Debug|ARM64.ActiveCfg = Debug|Any CPU
		{1D7D9714-B2F0-4DEE-86A5-FADFAB07AC6B}.Debug|ARM64.Build.0 = Debug|Any CPU
		{1D7D9714-B2F0-4DEE-86A5-FADFAB07AC6B}.Debug|x64.ActiveCfg = Debug|Any CPU
		{1D7D9714-B2F0-4DEE-86A5-FADFAB07AC6B}.Debug|x64.Build.0 = Debug|Any CPU
		{1D7D9714-B2F0-4DEE-86A5-FADFAB07AC6B}.Debug|x86.ActiveCfg = Debug|Any CPU
		{1D7D9714-B2F0-4DEE-86A5-FADFAB07AC6B}.Debug|x86.Build.0 = Debug|Any CPU
		{1D7D9714-B2F0-4DEE-86A5-FADFAB07AC6B}.Release|Any CPU.ActiveCfg = Release|Any CPU
		{1D7D9714-B2F0-4DEE-86A5-FADFAB07AC6B}.Release|Any CPU.Build.0 = Release|Any CPU
		{1D7D9714-B2F0-4DEE-86A5-FADFAB07AC6B}.Release|ARM.ActiveCfg = Release|Any CPU
		{1D7D9714-B2F0-4DEE-86A5-FADFAB07AC6B}.Release|ARM.Build.0 = Release|Any CPU
		{1D7D9714-B2F0-4DEE-86A5-FADFAB07AC6B}.Release|ARM64.ActiveCfg = Release|Any CPU
		{1D7D9714-B2F0-4DEE-86A5-FADFAB07AC6B}.Release|ARM64.Build.0 = Release|Any CPU
		{1D7D9714-B2F0-4DEE-86A5-FADFAB07AC6B}.Release|x64.ActiveCfg = Release|Any CPU
		{1D7D9714-B2F0-4DEE-86A5-FADFAB07AC6B}.Release|x64.Build.0 = Release|Any CPU
		{1D7D9714-B2F0-4DEE-86A5-FADFAB07AC6B}.Release|x86.ActiveCfg = Release|Any CPU
		{1D7D9714-B2F0-4DEE-86A5-FADFAB07AC6B}.Release|x86.Build.0 = Release|Any CPU
		{CACCD1A7-5785-4095-B4E6-F77B2BE8EB21}.Debug|Any CPU.ActiveCfg = Debug|Any CPU
		{CACCD1A7-5785-4095-B4E6-F77B2BE8EB21}.Debug|Any CPU.Build.0 = Debug|Any CPU
		{CACCD1A7-5785-4095-B4E6-F77B2BE8EB21}.Debug|ARM.ActiveCfg = Debug|Any CPU
		{CACCD1A7-5785-4095-B4E6-F77B2BE8EB21}.Debug|ARM.Build.0 = Debug|Any CPU
		{CACCD1A7-5785-4095-B4E6-F77B2BE8EB21}.Debug|ARM64.ActiveCfg = Debug|Any CPU
		{CACCD1A7-5785-4095-B4E6-F77B2BE8EB21}.Debug|ARM64.Build.0 = Debug|Any CPU
		{CACCD1A7-5785-4095-B4E6-F77B2BE8EB21}.Debug|x64.ActiveCfg = Debug|Any CPU
		{CACCD1A7-5785-4095-B4E6-F77B2BE8EB21}.Debug|x64.Build.0 = Debug|Any CPU
		{CACCD1A7-5785-4095-B4E6-F77B2BE8EB21}.Debug|x86.ActiveCfg = Debug|Any CPU
		{CACCD1A7-5785-4095-B4E6-F77B2BE8EB21}.Debug|x86.Build.0 = Debug|Any CPU
		{CACCD1A7-5785-4095-B4E6-F77B2BE8EB21}.Release|Any CPU.ActiveCfg = Release|Any CPU
		{CACCD1A7-5785-4095-B4E6-F77B2BE8EB21}.Release|Any CPU.Build.0 = Release|Any CPU
		{CACCD1A7-5785-4095-B4E6-F77B2BE8EB21}.Release|ARM.ActiveCfg = Release|Any CPU
		{CACCD1A7-5785-4095-B4E6-F77B2BE8EB21}.Release|ARM.Build.0 = Release|Any CPU
		{CACCD1A7-5785-4095-B4E6-F77B2BE8EB21}.Release|ARM64.ActiveCfg = Release|Any CPU
		{CACCD1A7-5785-4095-B4E6-F77B2BE8EB21}.Release|ARM64.Build.0 = Release|Any CPU
		{CACCD1A7-5785-4095-B4E6-F77B2BE8EB21}.Release|x64.ActiveCfg = Release|Any CPU
		{CACCD1A7-5785-4095-B4E6-F77B2BE8EB21}.Release|x64.Build.0 = Release|Any CPU
		{CACCD1A7-5785-4095-B4E6-F77B2BE8EB21}.Release|x86.ActiveCfg = Release|Any CPU
		{CACCD1A7-5785-4095-B4E6-F77B2BE8EB21}.Release|x86.Build.0 = Release|Any CPU
		{70CD4D5F-F075-4A8F-8779-F2E48F34B757}.Debug|Any CPU.ActiveCfg = Debug|Any CPU
		{70CD4D5F-F075-4A8F-8779-F2E48F34B757}.Debug|Any CPU.Build.0 = Debug|Any CPU
		{70CD4D5F-F075-4A8F-8779-F2E48F34B757}.Debug|ARM.ActiveCfg = Debug|Any CPU
		{70CD4D5F-F075-4A8F-8779-F2E48F34B757}.Debug|ARM.Build.0 = Debug|Any CPU
		{70CD4D5F-F075-4A8F-8779-F2E48F34B757}.Debug|ARM64.ActiveCfg = Debug|Any CPU
		{70CD4D5F-F075-4A8F-8779-F2E48F34B757}.Debug|ARM64.Build.0 = Debug|Any CPU
		{70CD4D5F-F075-4A8F-8779-F2E48F34B757}.Debug|x64.ActiveCfg = Debug|Any CPU
		{70CD4D5F-F075-4A8F-8779-F2E48F34B757}.Debug|x64.Build.0 = Debug|Any CPU
		{70CD4D5F-F075-4A8F-8779-F2E48F34B757}.Debug|x86.ActiveCfg = Debug|Any CPU
		{70CD4D5F-F075-4A8F-8779-F2E48F34B757}.Debug|x86.Build.0 = Debug|Any CPU
		{70CD4D5F-F075-4A8F-8779-F2E48F34B757}.Release|Any CPU.ActiveCfg = Release|Any CPU
		{70CD4D5F-F075-4A8F-8779-F2E48F34B757}.Release|Any CPU.Build.0 = Release|Any CPU
		{70CD4D5F-F075-4A8F-8779-F2E48F34B757}.Release|ARM.ActiveCfg = Release|Any CPU
		{70CD4D5F-F075-4A8F-8779-F2E48F34B757}.Release|ARM.Build.0 = Release|Any CPU
		{70CD4D5F-F075-4A8F-8779-F2E48F34B757}.Release|ARM64.ActiveCfg = Release|Any CPU
		{70CD4D5F-F075-4A8F-8779-F2E48F34B757}.Release|ARM64.Build.0 = Release|Any CPU
		{70CD4D5F-F075-4A8F-8779-F2E48F34B757}.Release|x64.ActiveCfg = Release|Any CPU
		{70CD4D5F-F075-4A8F-8779-F2E48F34B757}.Release|x64.Build.0 = Release|Any CPU
		{70CD4D5F-F075-4A8F-8779-F2E48F34B757}.Release|x86.ActiveCfg = Release|Any CPU
		{70CD4D5F-F075-4A8F-8779-F2E48F34B757}.Release|x86.Build.0 = Release|Any CPU
		{47D4EAB7-B11A-4E7B-A1CB-2FBE76BE9EC2}.Debug|Any CPU.ActiveCfg = Debug|Any CPU
		{47D4EAB7-B11A-4E7B-A1CB-2FBE76BE9EC2}.Debug|Any CPU.Build.0 = Debug|Any CPU
		{47D4EAB7-B11A-4E7B-A1CB-2FBE76BE9EC2}.Debug|ARM.ActiveCfg = Debug|Any CPU
		{47D4EAB7-B11A-4E7B-A1CB-2FBE76BE9EC2}.Debug|ARM.Build.0 = Debug|Any CPU
		{47D4EAB7-B11A-4E7B-A1CB-2FBE76BE9EC2}.Debug|ARM64.ActiveCfg = Debug|Any CPU
		{47D4EAB7-B11A-4E7B-A1CB-2FBE76BE9EC2}.Debug|ARM64.Build.0 = Debug|Any CPU
		{47D4EAB7-B11A-4E7B-A1CB-2FBE76BE9EC2}.Debug|x64.ActiveCfg = Debug|Any CPU
		{47D4EAB7-B11A-4E7B-A1CB-2FBE76BE9EC2}.Debug|x64.Build.0 = Debug|Any CPU
		{47D4EAB7-B11A-4E7B-A1CB-2FBE76BE9EC2}.Debug|x86.ActiveCfg = Debug|Any CPU
		{47D4EAB7-B11A-4E7B-A1CB-2FBE76BE9EC2}.Debug|x86.Build.0 = Debug|Any CPU
		{47D4EAB7-B11A-4E7B-A1CB-2FBE76BE9EC2}.Release|Any CPU.ActiveCfg = Release|Any CPU
		{47D4EAB7-B11A-4E7B-A1CB-2FBE76BE9EC2}.Release|Any CPU.Build.0 = Release|Any CPU
		{47D4EAB7-B11A-4E7B-A1CB-2FBE76BE9EC2}.Release|ARM.ActiveCfg = Release|Any CPU
		{47D4EAB7-B11A-4E7B-A1CB-2FBE76BE9EC2}.Release|ARM.Build.0 = Release|Any CPU
		{47D4EAB7-B11A-4E7B-A1CB-2FBE76BE9EC2}.Release|ARM64.ActiveCfg = Release|Any CPU
		{47D4EAB7-B11A-4E7B-A1CB-2FBE76BE9EC2}.Release|ARM64.Build.0 = Release|Any CPU
		{47D4EAB7-B11A-4E7B-A1CB-2FBE76BE9EC2}.Release|x64.ActiveCfg = Release|Any CPU
		{47D4EAB7-B11A-4E7B-A1CB-2FBE76BE9EC2}.Release|x64.Build.0 = Release|Any CPU
		{47D4EAB7-B11A-4E7B-A1CB-2FBE76BE9EC2}.Release|x86.ActiveCfg = Release|Any CPU
		{47D4EAB7-B11A-4E7B-A1CB-2FBE76BE9EC2}.Release|x86.Build.0 = Release|Any CPU
		{15E7E29F-57B3-4FD1-AC7E-F2D5806BFBB4}.Debug|Any CPU.ActiveCfg = Debug|Any CPU
		{15E7E29F-57B3-4FD1-AC7E-F2D5806BFBB4}.Debug|Any CPU.Build.0 = Debug|Any CPU
		{15E7E29F-57B3-4FD1-AC7E-F2D5806BFBB4}.Debug|ARM.ActiveCfg = Debug|Any CPU
		{15E7E29F-57B3-4FD1-AC7E-F2D5806BFBB4}.Debug|ARM.Build.0 = Debug|Any CPU
		{15E7E29F-57B3-4FD1-AC7E-F2D5806BFBB4}.Debug|ARM64.ActiveCfg = Debug|Any CPU
		{15E7E29F-57B3-4FD1-AC7E-F2D5806BFBB4}.Debug|ARM64.Build.0 = Debug|Any CPU
		{15E7E29F-57B3-4FD1-AC7E-F2D5806BFBB4}.Debug|x64.ActiveCfg = Debug|Any CPU
		{15E7E29F-57B3-4FD1-AC7E-F2D5806BFBB4}.Debug|x64.Build.0 = Debug|Any CPU
		{15E7E29F-57B3-4FD1-AC7E-F2D5806BFBB4}.Debug|x86.ActiveCfg = Debug|Any CPU
		{15E7E29F-57B3-4FD1-AC7E-F2D5806BFBB4}.Debug|x86.Build.0 = Debug|Any CPU
		{15E7E29F-57B3-4FD1-AC7E-F2D5806BFBB4}.Release|Any CPU.ActiveCfg = Release|Any CPU
		{15E7E29F-57B3-4FD1-AC7E-F2D5806BFBB4}.Release|Any CPU.Build.0 = Release|Any CPU
		{15E7E29F-57B3-4FD1-AC7E-F2D5806BFBB4}.Release|ARM.ActiveCfg = Release|Any CPU
		{15E7E29F-57B3-4FD1-AC7E-F2D5806BFBB4}.Release|ARM.Build.0 = Release|Any CPU
		{15E7E29F-57B3-4FD1-AC7E-F2D5806BFBB4}.Release|ARM64.ActiveCfg = Release|Any CPU
		{15E7E29F-57B3-4FD1-AC7E-F2D5806BFBB4}.Release|ARM64.Build.0 = Release|Any CPU
		{15E7E29F-57B3-4FD1-AC7E-F2D5806BFBB4}.Release|x64.ActiveCfg = Release|Any CPU
		{15E7E29F-57B3-4FD1-AC7E-F2D5806BFBB4}.Release|x64.Build.0 = Release|Any CPU
		{15E7E29F-57B3-4FD1-AC7E-F2D5806BFBB4}.Release|x86.ActiveCfg = Release|Any CPU
		{15E7E29F-57B3-4FD1-AC7E-F2D5806BFBB4}.Release|x86.Build.0 = Release|Any CPU
	EndGlobalSection
	GlobalSection(SolutionProperties) = preSolution
		HideSolutionNode = FALSE
	EndGlobalSection
	GlobalSection(NestedProjects) = preSolution
		{9488B9CD-3888-4E43-B598-6EB9536D2B15} = {1E080C79-F9DC-4054-8399-99696468AEC7}
		{8DFD89DC-7BCE-41A3-B60C-4221B3D154BC} = {1E080C79-F9DC-4054-8399-99696468AEC7}
		{FBF41F15-F1B5-4F4D-A83F-9F8BFC4AD1E7} = {7C8083A8-FAD6-48CB-8B52-3FAA09E14899}
		{786F9203-9362-469C-A2AE-312CC39D43D0} = {DC4D155C-4A4A-41EC-852A-C3295DC997B8}
		{1D7D9714-B2F0-4DEE-86A5-FADFAB07AC6B} = {DC4D155C-4A4A-41EC-852A-C3295DC997B8}
		{CACCD1A7-5785-4095-B4E6-F77B2BE8EB21} = {DC4D155C-4A4A-41EC-852A-C3295DC997B8}
		{70CD4D5F-F075-4A8F-8779-F2E48F34B757} = {DC4D155C-4A4A-41EC-852A-C3295DC997B8}
		{47D4EAB7-B11A-4E7B-A1CB-2FBE76BE9EC2} = {DC4D155C-4A4A-41EC-852A-C3295DC997B8}
	EndGlobalSection
	GlobalSection(ExtensibilityGlobals) = postSolution
		SolutionGuid = {32B050FB-5ADD-4CE8-83B6-CEEAD9AD0F32}
	EndGlobalSection
EndGlobal
